
Microsoft Visual Studio Solution File, Format Version 12.00
# Visual Studio Version 17
VisualStudioVersion = 17.11.35208.52
MinimumVisualStudioVersion = 10.0.40219.1
Project("{FAE04EC0-301F-11D3-BF4B-00C04F79EFBC}") = "eTickets.V8", "eTickets.V8\eTickets.V8.csproj", "{50F71AB3-374C-4F4C-BA80-A0708357D43A}"
EndProject
Global
	GlobalSection(SolutionConfigurationPlatforms) = preSolution
		Debug|Any CPU = Debug|Any CPU
		Release|Any CPU = Release|Any CPU
	EndGlobalSection
	GlobalSection(ProjectConfigurationPlatforms) = postSolution
		{50F71AB3-374C-4F4C-BA80-A0708357D43A}.Debug|Any CPU.ActiveCfg = Debug|Any CPU
		{50F71AB3-374C-4F4C-BA80-A0708357D43A}.Debug|Any CPU.Build.0 = Debug|Any CPU
		{50F71AB3-374C-4F4C-BA80-A0708357D43A}.Release|Any CPU.ActiveCfg = Release|Any CPU
		{50F71AB3-374C-4F4C-BA80-A0708357D43A}.Release|Any CPU.Build.0 = Release|Any CPU
	EndGlobalSection
	GlobalSection(SolutionProperties) = preSolution
		HideSolutionNode = FALSE
	EndGlobalSection
	GlobalSection(ExtensibilityGlobals) = postSolution
		SolutionGuid = {62147426-8EE7-4370-90C9-828F5A2660CF}
	EndGlobalSection
EndGlobal
